
Microsoft Visual Studio Solution File, Format Version 12.00
# Visual Studio Version 17
VisualStudioVersion = 17.14.35906.104
MinimumVisualStudioVersion = 10.0.40219.1
Project("{FAE04EC0-301F-11D3-BF4B-00C04F79EFBC}") = "LaesoeVejr", "src\LaesoeVejr\LaesoeVejr.csproj", "{C35EB1FA-268C-460A-BA28-1E63D33FEA11}"
EndProject
Project("{FAE04EC0-301F-11D3-BF4B-00C04F79EFBC}") = "LaesoeVejr.Tests", "test\LaesoeVejr.Tests\LaesoeVejr.Tests.csproj", "{24F1E6FC-2859-45B9-B124-91E7ACB1313B}"
EndProject
Global
	GlobalSection(SolutionConfigurationPlatforms) = preSolution
		Debug|Any CPU = Debug|Any CPU
		Release|Any CPU = Release|Any CPU
	EndGlobalSection
	GlobalSection(ProjectConfigurationPlatforms) = postSolution
		{C35EB1FA-268C-460A-BA28-1E63D33FEA11}.Debug|Any CPU.ActiveCfg = Debug|Any CPU
		{C35EB1FA-268C-460A-BA28-1E63D33FEA11}.Debug|Any CPU.Build.0 = Debug|Any CPU
		{C35EB1FA-268C-460A-BA28-1E63D33FEA11}.Release|Any CPU.ActiveCfg = Release|Any CPU
		{C35EB1FA-268C-460A-BA28-1E63D33FEA11}.Release|Any CPU.Build.0 = Release|Any CPU
		{24F1E6FC-2859-45B9-B124-91E7ACB1313B}.Debug|Any CPU.ActiveCfg = Debug|Any CPU
		{24F1E6FC-2859-45B9-B124-91E7ACB1313B}.Debug|Any CPU.Build.0 = Debug|Any CPU
		{24F1E6FC-2859-45B9-B124-91E7ACB1313B}.Release|Any CPU.ActiveCfg = Release|Any CPU
		{24F1E6FC-2859-45B9-B124-91E7ACB1313B}.Release|Any CPU.Build.0 = Release|Any CPU
	EndGlobalSection
	GlobalSection(SolutionProperties) = preSolution
		HideSolutionNode = FALSE
	EndGlobalSection
	GlobalSection(ExtensibilityGlobals) = postSolution
		SolutionGuid = {838E2DD0-02FA-4324-8871-B842E6A67635}
	EndGlobalSection
EndGlobal
